// !$*UTF8*$!
{
	archiveVersion = 1;
	classes = {
	};
	objectVersion = 51;
	objects = {

/* Begin PBXBuildFile section */
		14D81CCF3F93E7A5BCBFC048 /* Pods_vee_ios_challenge.framework in Frameworks */ = {isa = PBXBuildFile; fileRef = 21EE2EE1F59CA1A4663A0FF2 /* Pods_vee_ios_challenge.framework */; };
		4C61363F801FBFEDCBD8846F /* Pods_vee_ios_challenge_vee_ios_challengeUITests.framework in Frameworks */ = {isa = PBXBuildFile; fileRef = 8588ABE3D64F056057AD8D79 /* Pods_vee_ios_challenge_vee_ios_challengeUITests.framework */; };
		AF47CC0025842F8F003D442F /* ThumbnailExtensions.swift in Sources */ = {isa = PBXBuildFile; fileRef = AF47CBFF25842F8F003D442F /* ThumbnailExtensions.swift */; };
		AF47CC3A258442BB003D442F /* UIViewExtensions.swift in Sources */ = {isa = PBXBuildFile; fileRef = AF47CC39258442BB003D442F /* UIViewExtensions.swift */; };
		AF47CC4325845F30003D442F /* LoadMoreCharactersTableViewCell.swift in Sources */ = {isa = PBXBuildFile; fileRef = AF47CC4225845F30003D442F /* LoadMoreCharactersTableViewCell.swift */; };
		AF47CC4825845F47003D442F /* LoadMoreCharactersTableViewCell.xib in Resources */ = {isa = PBXBuildFile; fileRef = AF47CC4725845F47003D442F /* LoadMoreCharactersTableViewCell.xib */; };
		AF47CC932584ED3C003D442F /* CharacterDescriptionViewController.swift in Sources */ = {isa = PBXBuildFile; fileRef = AF47CC922584ED3C003D442F /* CharacterDescriptionViewController.swift */; };
		AF47CC9B2584ED71003D442F /* CharacterDescription.storyboard in Resources */ = {isa = PBXBuildFile; fileRef = AF47CC9A2584ED71003D442F /* CharacterDescription.storyboard */; };
		AF47CCAC25861D99003D442F /* ComicCollectionCell.swift in Sources */ = {isa = PBXBuildFile; fileRef = AF47CCAB25861D99003D442F /* ComicCollectionCell.swift */; };
		AF47CCB425861DE6003D442F /* ComicCollectionCell.xib in Resources */ = {isa = PBXBuildFile; fileRef = AF47CCB325861DE6003D442F /* ComicCollectionCell.xib */; };
		AF47CCC6258624D9003D442F /* ComicsGalleryViewModel.swift in Sources */ = {isa = PBXBuildFile; fileRef = AF47CCC5258624D9003D442F /* ComicsGalleryViewModel.swift */; };
		AF47CCF1258674B3003D442F /* CharacterDescriptionCell.swift in Sources */ = {isa = PBXBuildFile; fileRef = AF47CCEF258674B3003D442F /* CharacterDescriptionCell.swift */; };
		AF47CCF2258674B3003D442F /* CharacterDescriptionContentCell.xib in Resources */ = {isa = PBXBuildFile; fileRef = AF47CCF0258674B3003D442F /* CharacterDescriptionContentCell.xib */; };
		AF47CCFA25867730003D442F /* EmptyStateString.swift in Sources */ = {isa = PBXBuildFile; fileRef = AF47CCF925867730003D442F /* EmptyStateString.swift */; };
		AF47CD0925868555003D442F /* ComicsGalleryCell.swift in Sources */ = {isa = PBXBuildFile; fileRef = AF47CD0725868555003D442F /* ComicsGalleryCell.swift */; };
		AF47CD0A25868555003D442F /* ComicsGalleryCell.xib in Resources */ = {isa = PBXBuildFile; fileRef = AF47CD0825868555003D442F /* ComicsGalleryCell.xib */; };
		AF4FEE2E258287370000946F /* RequestsManager.swift in Sources */ = {isa = PBXBuildFile; fileRef = AF4FEE2D258287370000946F /* RequestsManager.swift */; };
		AF4FEE33258287650000946F /* RequestMethod.swift in Sources */ = {isa = PBXBuildFile; fileRef = AF4FEE32258287650000946F /* RequestMethod.swift */; };
		AF4FEE3B258287CD0000946F /* HomeViewModel.swift in Sources */ = {isa = PBXBuildFile; fileRef = AF4FEE3A258287CD0000946F /* HomeViewModel.swift */; };
		AF4FEE402582889F0000946F /* CharactersAPIURL.swift in Sources */ = {isa = PBXBuildFile; fileRef = AF4FEE3F2582889F0000946F /* CharactersAPIURL.swift */; };
		AF4FEE4525828AC00000946F /* APIKeys.swift in Sources */ = {isa = PBXBuildFile; fileRef = AF4FEE4425828AC00000946F /* APIKeys.swift */; };
		AF4FEE5125828CCC0000946F /* HomeViewController.swift in Sources */ = {isa = PBXBuildFile; fileRef = AF4FEE5025828CCC0000946F /* HomeViewController.swift */; };
		AF4FEE5925828CEC0000946F /* Home.storyboard in Resources */ = {isa = PBXBuildFile; fileRef = AF4FEE5825828CEC0000946F /* Home.storyboard */; };
		AF4FEE61258296140000946F /* DateExtensions.swift in Sources */ = {isa = PBXBuildFile; fileRef = AF4FEE60258296140000946F /* DateExtensions.swift */; };
		AF4FEE66258299030000946F /* Character.swift in Sources */ = {isa = PBXBuildFile; fileRef = AF4FEE65258299030000946F /* Character.swift */; };
		AF4FEE762582B4D30000946F /* HomeCell.swift in Sources */ = {isa = PBXBuildFile; fileRef = AF4FEE752582B4D30000946F /* HomeCell.swift */; };
		AF4FEE7B2582CF930000946F /* UIImageVIewExtensions.swift in Sources */ = {isa = PBXBuildFile; fileRef = AF4FEE7A2582CF930000946F /* UIImageVIewExtensions.swift */; };
		AF4FEF8B258411D60000946F /* HomeCell.xib in Resources */ = {isa = PBXBuildFile; fileRef = AF4FEF8A258411D60000946F /* HomeCell.xib */; };
		AF7D1D022587C10000BA1FAC /* Thumbnail.swift in Sources */ = {isa = PBXBuildFile; fileRef = AF7D1D012587C10000BA1FAC /* Thumbnail.swift */; };
		AF7D1D0B2587C11300BA1FAC /* Comic.swift in Sources */ = {isa = PBXBuildFile; fileRef = AF7D1D0A2587C11300BA1FAC /* Comic.swift */; };
		AF7D1DB8258852A700BA1FAC /* CharactersService.swift in Sources */ = {isa = PBXBuildFile; fileRef = AF7D1DB7258852A700BA1FAC /* CharactersService.swift */; };
		AF7D1DC1258852C000BA1FAC /* ComicsService.swift in Sources */ = {isa = PBXBuildFile; fileRef = AF7D1DC0258852C000BA1FAC /* ComicsService.swift */; };
		AF7D1DC9258853DB00BA1FAC /* CharacterDescriptionViewModel.swift in Sources */ = {isa = PBXBuildFile; fileRef = AF7D1DC8258853DB00BA1FAC /* CharacterDescriptionViewModel.swift */; };
		AF7D1DE325886B4E00BA1FAC /* HomeCellViewModel.swift in Sources */ = {isa = PBXBuildFile; fileRef = AF7D1DE225886B4E00BA1FAC /* HomeCellViewModel.swift */; };
		AF7D1E0B2588EB0A00BA1FAC /* LoadMoreCharactersTableViewCellViewModel.swift in Sources */ = {isa = PBXBuildFile; fileRef = AF7D1E0A2588EB0A00BA1FAC /* LoadMoreCharactersTableViewCellViewModel.swift */; };
		AF946D00258918A900B8E9B8 /* CharacterDescriptionCellViewModel.swift in Sources */ = {isa = PBXBuildFile; fileRef = AF946CFF258918A900B8E9B8 /* CharacterDescriptionCellViewModel.swift */; };
		AF946D46258944A200B8E9B8 /* ComicCollectionCellViewModel.swift in Sources */ = {isa = PBXBuildFile; fileRef = AF946D45258944A200B8E9B8 /* ComicCollectionCellViewModel.swift */; };
		AFA60FDB25827BA2004B229D /* AppDelegate.swift in Sources */ = {isa = PBXBuildFile; fileRef = AFA60FDA25827BA2004B229D /* AppDelegate.swift */; };
		AFA60FDD25827BA2004B229D /* SceneDelegate.swift in Sources */ = {isa = PBXBuildFile; fileRef = AFA60FDC25827BA2004B229D /* SceneDelegate.swift */; };
		AFA60FE425827BA5004B229D /* Assets.xcassets in Resources */ = {isa = PBXBuildFile; fileRef = AFA60FE325827BA5004B229D /* Assets.xcassets */; };
		AFA60FE725827BA5004B229D /* LaunchScreen.storyboard in Resources */ = {isa = PBXBuildFile; fileRef = AFA60FE525827BA5004B229D /* LaunchScreen.storyboard */; };
		AFA60FF225827BA5004B229D /* vee_ios_challengeTests.swift in Sources */ = {isa = PBXBuildFile; fileRef = AFA60FF125827BA5004B229D /* vee_ios_challengeTests.swift */; };
		AFA60FFD25827BA5004B229D /* vee_ios_challengeUITests.swift in Sources */ = {isa = PBXBuildFile; fileRef = AFA60FFC25827BA5004B229D /* vee_ios_challengeUITests.swift */; };
		AFA6101A25827D57004B229D /* ApiManager.swift in Sources */ = {isa = PBXBuildFile; fileRef = AFA6101925827D57004B229D /* ApiManager.swift */; };
		AFA6102425827E32004B229D /* StringExtensions.swift in Sources */ = {isa = PBXBuildFile; fileRef = AFA6102325827E31004B229D /* StringExtensions.swift */; };
		B1687846007B86B3C5143CDA /* Pods_vee_ios_challengeTests.framework in Frameworks */ = {isa = PBXBuildFile; fileRef = 3FBE9B3FE6B09C647157D4EE /* Pods_vee_ios_challengeTests.framework */; };
/* End PBXBuildFile section */

/* Begin PBXContainerItemProxy section */
		AF4FEEBB258306680000946F /* PBXContainerItemProxy */ = {
			isa = PBXContainerItemProxy;
			containerPortal = AF4FEEB4258306680000946F /* Pods.xcodeproj */;
			proxyType = 2;
			remoteGlobalIDString = 929AB5337B1EFE71635C70BD08841FC2;
			remoteInfo = "Pods-vee-ios-challenge";
		};
		AF4FEEBD258306680000946F /* PBXContainerItemProxy */ = {
			isa = PBXContainerItemProxy;
			containerPortal = AF4FEEB4258306680000946F /* Pods.xcodeproj */;
			proxyType = 2;
			remoteGlobalIDString = 1F76D850BD90836AE661005FF7BC1E69;
			remoteInfo = "Pods-vee-ios-challenge-vee-ios-challengeUITests";
		};
		AF4FEEBF258306680000946F /* PBXContainerItemProxy */ = {
			isa = PBXContainerItemProxy;
			containerPortal = AF4FEEB4258306680000946F /* Pods.xcodeproj */;
			proxyType = 2;
			remoteGlobalIDString = CE8045802F02B03AC4AABCC548DD66A6;
			remoteInfo = "Pods-vee-ios-challengeTests";
		};
		AF4FEEC1258306680000946F /* PBXContainerItemProxy */ = {
			isa = PBXContainerItemProxy;
			containerPortal = AF4FEEB4258306680000946F /* Pods.xcodeproj */;
			proxyType = 2;
			remoteGlobalIDString = B0B214D775196BA7CA8E17E53048A493;
			remoteInfo = SDWebImage;
		};
		AFA60FEE25827BA5004B229D /* PBXContainerItemProxy */ = {
			isa = PBXContainerItemProxy;
			containerPortal = AFA60FCF25827BA2004B229D /* Project object */;
			proxyType = 1;
			remoteGlobalIDString = AFA60FD625827BA2004B229D;
			remoteInfo = "vee-ios-challenge";
		};
		AFA60FF925827BA5004B229D /* PBXContainerItemProxy */ = {
			isa = PBXContainerItemProxy;
			containerPortal = AFA60FCF25827BA2004B229D /* Project object */;
			proxyType = 1;
			remoteGlobalIDString = AFA60FD625827BA2004B229D;
			remoteInfo = "vee-ios-challenge";
		};
/* End PBXContainerItemProxy section */

/* Begin PBXFileReference section */
		20D389A5FFB4A40331EFC7EC /* Pods-vee-ios-challenge.debug.xcconfig */ = {isa = PBXFileReference; includeInIndex = 1; lastKnownFileType = text.xcconfig; name = "Pods-vee-ios-challenge.debug.xcconfig"; path = "Target Support Files/Pods-vee-ios-challenge/Pods-vee-ios-challenge.debug.xcconfig"; sourceTree = "<group>"; };
		21EE2EE1F59CA1A4663A0FF2 /* Pods_vee_ios_challenge.framework */ = {isa = PBXFileReference; explicitFileType = wrapper.framework; includeInIndex = 0; path = Pods_vee_ios_challenge.framework; sourceTree = BUILT_PRODUCTS_DIR; };
		2817F971F81E1DAC154C062C /* Pods-vee-ios-challengeTests.release.xcconfig */ = {isa = PBXFileReference; includeInIndex = 1; lastKnownFileType = text.xcconfig; name = "Pods-vee-ios-challengeTests.release.xcconfig"; path = "Target Support Files/Pods-vee-ios-challengeTests/Pods-vee-ios-challengeTests.release.xcconfig"; sourceTree = "<group>"; };
		28AB6308E212021EB5B89A43 /* Pods-vee-ios-challenge.release.xcconfig */ = {isa = PBXFileReference; includeInIndex = 1; lastKnownFileType = text.xcconfig; name = "Pods-vee-ios-challenge.release.xcconfig"; path = "Target Support Files/Pods-vee-ios-challenge/Pods-vee-ios-challenge.release.xcconfig"; sourceTree = "<group>"; };
		3FBE9B3FE6B09C647157D4EE /* Pods_vee_ios_challengeTests.framework */ = {isa = PBXFileReference; explicitFileType = wrapper.framework; includeInIndex = 0; path = Pods_vee_ios_challengeTests.framework; sourceTree = BUILT_PRODUCTS_DIR; };
		494BFFF3C65E4E38578452D6 /* Pods-vee-ios-challenge-vee-ios-challengeUITests.release.xcconfig */ = {isa = PBXFileReference; includeInIndex = 1; lastKnownFileType = text.xcconfig; name = "Pods-vee-ios-challenge-vee-ios-challengeUITests.release.xcconfig"; path = "Target Support Files/Pods-vee-ios-challenge-vee-ios-challengeUITests/Pods-vee-ios-challenge-vee-ios-challengeUITests.release.xcconfig"; sourceTree = "<group>"; };
		550D1511572F0C834A50FBAC /* Pods-vee-ios-challengeTests.debug.xcconfig */ = {isa = PBXFileReference; includeInIndex = 1; lastKnownFileType = text.xcconfig; name = "Pods-vee-ios-challengeTests.debug.xcconfig"; path = "Target Support Files/Pods-vee-ios-challengeTests/Pods-vee-ios-challengeTests.debug.xcconfig"; sourceTree = "<group>"; };
		8588ABE3D64F056057AD8D79 /* Pods_vee_ios_challenge_vee_ios_challengeUITests.framework */ = {isa = PBXFileReference; explicitFileType = wrapper.framework; includeInIndex = 0; path = Pods_vee_ios_challenge_vee_ios_challengeUITests.framework; sourceTree = BUILT_PRODUCTS_DIR; };
		95918A3FB12EF906013D6990 /* Pods-vee-ios-challenge-vee-ios-challengeUITests.debug.xcconfig */ = {isa = PBXFileReference; includeInIndex = 1; lastKnownFileType = text.xcconfig; name = "Pods-vee-ios-challenge-vee-ios-challengeUITests.debug.xcconfig"; path = "Target Support Files/Pods-vee-ios-challenge-vee-ios-challengeUITests/Pods-vee-ios-challenge-vee-ios-challengeUITests.debug.xcconfig"; sourceTree = "<group>"; };
		AF47CBFF25842F8F003D442F /* ThumbnailExtensions.swift */ = {isa = PBXFileReference; lastKnownFileType = sourcecode.swift; path = ThumbnailExtensions.swift; sourceTree = "<group>"; };
		AF47CC39258442BB003D442F /* UIViewExtensions.swift */ = {isa = PBXFileReference; lastKnownFileType = sourcecode.swift; path = UIViewExtensions.swift; sourceTree = "<group>"; };
		AF47CC4225845F30003D442F /* LoadMoreCharactersTableViewCell.swift */ = {isa = PBXFileReference; lastKnownFileType = sourcecode.swift; path = LoadMoreCharactersTableViewCell.swift; sourceTree = "<group>"; };
		AF47CC4725845F47003D442F /* LoadMoreCharactersTableViewCell.xib */ = {isa = PBXFileReference; lastKnownFileType = file.xib; path = LoadMoreCharactersTableViewCell.xib; sourceTree = "<group>"; };
		AF47CC922584ED3C003D442F /* CharacterDescriptionViewController.swift */ = {isa = PBXFileReference; lastKnownFileType = sourcecode.swift; path = CharacterDescriptionViewController.swift; sourceTree = "<group>"; };
		AF47CC9A2584ED71003D442F /* CharacterDescription.storyboard */ = {isa = PBXFileReference; lastKnownFileType = file.storyboard; path = CharacterDescription.storyboard; sourceTree = "<group>"; };
		AF47CCAB25861D99003D442F /* ComicCollectionCell.swift */ = {isa = PBXFileReference; lastKnownFileType = sourcecode.swift; path = ComicCollectionCell.swift; sourceTree = "<group>"; };
		AF47CCB325861DE6003D442F /* ComicCollectionCell.xib */ = {isa = PBXFileReference; lastKnownFileType = file.xib; path = ComicCollectionCell.xib; sourceTree = "<group>"; };
		AF47CCC5258624D9003D442F /* ComicsGalleryViewModel.swift */ = {isa = PBXFileReference; lastKnownFileType = sourcecode.swift; path = ComicsGalleryViewModel.swift; sourceTree = "<group>"; };
		AF47CCEF258674B3003D442F /* CharacterDescriptionCell.swift */ = {isa = PBXFileReference; lastKnownFileType = sourcecode.swift; path = CharacterDescriptionCell.swift; sourceTree = "<group>"; };
		AF47CCF0258674B3003D442F /* CharacterDescriptionContentCell.xib */ = {isa = PBXFileReference; lastKnownFileType = file.xib; path = CharacterDescriptionContentCell.xib; sourceTree = "<group>"; };
		AF47CCF925867730003D442F /* EmptyStateString.swift */ = {isa = PBXFileReference; lastKnownFileType = sourcecode.swift; path = EmptyStateString.swift; sourceTree = "<group>"; };
		AF47CD0725868555003D442F /* ComicsGalleryCell.swift */ = {isa = PBXFileReference; lastKnownFileType = sourcecode.swift; path = ComicsGalleryCell.swift; sourceTree = "<group>"; };
		AF47CD0825868555003D442F /* ComicsGalleryCell.xib */ = {isa = PBXFileReference; lastKnownFileType = file.xib; path = ComicsGalleryCell.xib; sourceTree = "<group>"; };
		AF4FEE2D258287370000946F /* RequestsManager.swift */ = {isa = PBXFileReference; lastKnownFileType = sourcecode.swift; path = RequestsManager.swift; sourceTree = "<group>"; };
		AF4FEE32258287650000946F /* RequestMethod.swift */ = {isa = PBXFileReference; lastKnownFileType = sourcecode.swift; path = RequestMethod.swift; sourceTree = "<group>"; };
		AF4FEE3A258287CD0000946F /* HomeViewModel.swift */ = {isa = PBXFileReference; lastKnownFileType = sourcecode.swift; path = HomeViewModel.swift; sourceTree = "<group>"; };
		AF4FEE3F2582889F0000946F /* CharactersAPIURL.swift */ = {isa = PBXFileReference; lastKnownFileType = sourcecode.swift; path = CharactersAPIURL.swift; sourceTree = "<group>"; };
		AF4FEE4425828AC00000946F /* APIKeys.swift */ = {isa = PBXFileReference; lastKnownFileType = sourcecode.swift; path = APIKeys.swift; sourceTree = "<group>"; };
		AF4FEE5025828CCC0000946F /* HomeViewController.swift */ = {isa = PBXFileReference; lastKnownFileType = sourcecode.swift; path = HomeViewController.swift; sourceTree = "<group>"; };
		AF4FEE5825828CEC0000946F /* Home.storyboard */ = {isa = PBXFileReference; lastKnownFileType = file.storyboard; path = Home.storyboard; sourceTree = "<group>"; };
		AF4FEE60258296140000946F /* DateExtensions.swift */ = {isa = PBXFileReference; lastKnownFileType = sourcecode.swift; path = DateExtensions.swift; sourceTree = "<group>"; };
		AF4FEE65258299030000946F /* Character.swift */ = {isa = PBXFileReference; lastKnownFileType = sourcecode.swift; path = Character.swift; sourceTree = "<group>"; };
		AF4FEE752582B4D30000946F /* HomeCell.swift */ = {isa = PBXFileReference; lastKnownFileType = sourcecode.swift; path = HomeCell.swift; sourceTree = "<group>"; };
		AF4FEE7A2582CF930000946F /* UIImageVIewExtensions.swift */ = {isa = PBXFileReference; lastKnownFileType = sourcecode.swift; path = UIImageVIewExtensions.swift; sourceTree = "<group>"; };
		AF4FEEB4258306680000946F /* Pods.xcodeproj */ = {isa = PBXFileReference; lastKnownFileType = "wrapper.pb-project"; name = Pods.xcodeproj; path = Pods/Pods.xcodeproj; sourceTree = "<group>"; };
		AF4FEF8A258411D60000946F /* HomeCell.xib */ = {isa = PBXFileReference; lastKnownFileType = file.xib; path = HomeCell.xib; sourceTree = "<group>"; };
		AF7D1D012587C10000BA1FAC /* Thumbnail.swift */ = {isa = PBXFileReference; lastKnownFileType = sourcecode.swift; path = Thumbnail.swift; sourceTree = "<group>"; };
		AF7D1D0A2587C11300BA1FAC /* Comic.swift */ = {isa = PBXFileReference; lastKnownFileType = sourcecode.swift; path = Comic.swift; sourceTree = "<group>"; };
		AF7D1DB7258852A700BA1FAC /* CharactersService.swift */ = {isa = PBXFileReference; lastKnownFileType = sourcecode.swift; path = CharactersService.swift; sourceTree = "<group>"; };
		AF7D1DC0258852C000BA1FAC /* ComicsService.swift */ = {isa = PBXFileReference; lastKnownFileType = sourcecode.swift; path = ComicsService.swift; sourceTree = "<group>"; };
		AF7D1DC8258853DB00BA1FAC /* CharacterDescriptionViewModel.swift */ = {isa = PBXFileReference; lastKnownFileType = sourcecode.swift; path = CharacterDescriptionViewModel.swift; sourceTree = "<group>"; };
		AF7D1DE225886B4E00BA1FAC /* HomeCellViewModel.swift */ = {isa = PBXFileReference; lastKnownFileType = sourcecode.swift; path = HomeCellViewModel.swift; sourceTree = "<group>"; };
		AF7D1E0A2588EB0A00BA1FAC /* LoadMoreCharactersTableViewCellViewModel.swift */ = {isa = PBXFileReference; lastKnownFileType = sourcecode.swift; path = LoadMoreCharactersTableViewCellViewModel.swift; sourceTree = "<group>"; };
		AF946CFF258918A900B8E9B8 /* CharacterDescriptionCellViewModel.swift */ = {isa = PBXFileReference; lastKnownFileType = sourcecode.swift; path = CharacterDescriptionCellViewModel.swift; sourceTree = "<group>"; };
		AF946D45258944A200B8E9B8 /* ComicCollectionCellViewModel.swift */ = {isa = PBXFileReference; lastKnownFileType = sourcecode.swift; path = ComicCollectionCellViewModel.swift; sourceTree = "<group>"; };
		AFA60FD725827BA2004B229D /* vee-ios-challenge.app */ = {isa = PBXFileReference; explicitFileType = wrapper.application; includeInIndex = 0; path = "vee-ios-challenge.app"; sourceTree = BUILT_PRODUCTS_DIR; };
		AFA60FDA25827BA2004B229D /* AppDelegate.swift */ = {isa = PBXFileReference; lastKnownFileType = sourcecode.swift; path = AppDelegate.swift; sourceTree = "<group>"; };
		AFA60FDC25827BA2004B229D /* SceneDelegate.swift */ = {isa = PBXFileReference; lastKnownFileType = sourcecode.swift; path = SceneDelegate.swift; sourceTree = "<group>"; };
		AFA60FE325827BA5004B229D /* Assets.xcassets */ = {isa = PBXFileReference; lastKnownFileType = folder.assetcatalog; path = Assets.xcassets; sourceTree = "<group>"; };
		AFA60FE625827BA5004B229D /* Base */ = {isa = PBXFileReference; lastKnownFileType = file.storyboard; name = Base; path = Base.lproj/LaunchScreen.storyboard; sourceTree = "<group>"; };
		AFA60FE825827BA5004B229D /* Info.plist */ = {isa = PBXFileReference; lastKnownFileType = text.plist.xml; path = Info.plist; sourceTree = "<group>"; };
		AFA60FED25827BA5004B229D /* vee-ios-challengeTests.xctest */ = {isa = PBXFileReference; explicitFileType = wrapper.cfbundle; includeInIndex = 0; path = "vee-ios-challengeTests.xctest"; sourceTree = BUILT_PRODUCTS_DIR; };
		AFA60FF125827BA5004B229D /* vee_ios_challengeTests.swift */ = {isa = PBXFileReference; lastKnownFileType = sourcecode.swift; path = vee_ios_challengeTests.swift; sourceTree = "<group>"; };
		AFA60FF325827BA5004B229D /* Info.plist */ = {isa = PBXFileReference; lastKnownFileType = text.plist.xml; path = Info.plist; sourceTree = "<group>"; };
		AFA60FF825827BA5004B229D /* vee-ios-challengeUITests.xctest */ = {isa = PBXFileReference; explicitFileType = wrapper.cfbundle; includeInIndex = 0; path = "vee-ios-challengeUITests.xctest"; sourceTree = BUILT_PRODUCTS_DIR; };
		AFA60FFC25827BA5004B229D /* vee_ios_challengeUITests.swift */ = {isa = PBXFileReference; lastKnownFileType = sourcecode.swift; path = vee_ios_challengeUITests.swift; sourceTree = "<group>"; };
		AFA60FFE25827BA5004B229D /* Info.plist */ = {isa = PBXFileReference; lastKnownFileType = text.plist.xml; path = Info.plist; sourceTree = "<group>"; };
		AFA6101925827D57004B229D /* ApiManager.swift */ = {isa = PBXFileReference; lastKnownFileType = sourcecode.swift; path = ApiManager.swift; sourceTree = "<group>"; };
		AFA6102325827E31004B229D /* StringExtensions.swift */ = {isa = PBXFileReference; lastKnownFileType = sourcecode.swift; path = StringExtensions.swift; sourceTree = "<group>"; };
/* End PBXFileReference section */

/* Begin PBXFrameworksBuildPhase section */
		AFA60FD425827BA2004B229D /* Frameworks */ = {
			isa = PBXFrameworksBuildPhase;
			buildActionMask = 2147483647;
			files = (
				14D81CCF3F93E7A5BCBFC048 /* Pods_vee_ios_challenge.framework in Frameworks */,
			);
			runOnlyForDeploymentPostprocessing = 0;
		};
		AFA60FEA25827BA5004B229D /* Frameworks */ = {
			isa = PBXFrameworksBuildPhase;
			buildActionMask = 2147483647;
			files = (
				B1687846007B86B3C5143CDA /* Pods_vee_ios_challengeTests.framework in Frameworks */,
			);
			runOnlyForDeploymentPostprocessing = 0;
		};
		AFA60FF525827BA5004B229D /* Frameworks */ = {
			isa = PBXFrameworksBuildPhase;
			buildActionMask = 2147483647;
			files = (
				4C61363F801FBFEDCBD8846F /* Pods_vee_ios_challenge_vee_ios_challengeUITests.framework in Frameworks */,
			);
			runOnlyForDeploymentPostprocessing = 0;
		};
/* End PBXFrameworksBuildPhase section */

/* Begin PBXGroup section */
		84FC93A34538F7D4BDCDB054 /* Frameworks */ = {
			isa = PBXGroup;
			children = (
				21EE2EE1F59CA1A4663A0FF2 /* Pods_vee_ios_challenge.framework */,
				8588ABE3D64F056057AD8D79 /* Pods_vee_ios_challenge_vee_ios_challengeUITests.framework */,
				3FBE9B3FE6B09C647157D4EE /* Pods_vee_ios_challengeTests.framework */,
			);
			name = Frameworks;
			sourceTree = "<group>";
		};
		AA0E749789DF593E44231A07 /* Pods */ = {
			isa = PBXGroup;
			children = (
				20D389A5FFB4A40331EFC7EC /* Pods-vee-ios-challenge.debug.xcconfig */,
				28AB6308E212021EB5B89A43 /* Pods-vee-ios-challenge.release.xcconfig */,
				95918A3FB12EF906013D6990 /* Pods-vee-ios-challenge-vee-ios-challengeUITests.debug.xcconfig */,
				494BFFF3C65E4E38578452D6 /* Pods-vee-ios-challenge-vee-ios-challengeUITests.release.xcconfig */,
				550D1511572F0C834A50FBAC /* Pods-vee-ios-challengeTests.debug.xcconfig */,
				2817F971F81E1DAC154C062C /* Pods-vee-ios-challengeTests.release.xcconfig */,
			);
			path = Pods;
			sourceTree = "<group>";
		};
		AF47CC3E25845EB5003D442F /* LoadMoreHeroesButton */ = {
			isa = PBXGroup;
			children = (
				AF47CC4225845F30003D442F /* LoadMoreCharactersTableViewCell.swift */,
				AF47CC4725845F47003D442F /* LoadMoreCharactersTableViewCell.xib */,
			);
			path = LoadMoreHeroesButton;
			sourceTree = "<group>";
		};
		AF47CC8D2584ED1E003D442F /* CharactersDescription */ = {
			isa = PBXGroup;
			children = (
				AF47CC922584ED3C003D442F /* CharacterDescriptionViewController.swift */,
				AF47CC9A2584ED71003D442F /* CharacterDescription.storyboard */,
				AF47CCEE2586747B003D442F /* CharacterDescriptionContentCell */,
				AF47CC9F25851131003D442F /* CharacterComicsCollection */,
			);
			path = CharactersDescription;
			sourceTree = "<group>";
		};
		AF47CC9F25851131003D442F /* CharacterComicsCollection */ = {
			isa = PBXGroup;
			children = (
				AF47CCAB25861D99003D442F /* ComicCollectionCell.swift */,
				AF47CCB325861DE6003D442F /* ComicCollectionCell.xib */,
				AF47CD0725868555003D442F /* ComicsGalleryCell.swift */,
				AF47CD0825868555003D442F /* ComicsGalleryCell.xib */,
			);
			path = CharacterComicsCollection;
			sourceTree = "<group>";
		};
		AF47CCEE2586747B003D442F /* CharacterDescriptionContentCell */ = {
			isa = PBXGroup;
			children = (
				AF47CCEF258674B3003D442F /* CharacterDescriptionCell.swift */,
				AF47CCF0258674B3003D442F /* CharacterDescriptionContentCell.xib */,
			);
			path = CharacterDescriptionContentCell;
			sourceTree = "<group>";
		};
		AF4FEE4C25828CB30000946F /* Home */ = {
			isa = PBXGroup;
			children = (
				AF4FEE5025828CCC0000946F /* HomeViewController.swift */,
				AF4FEE5825828CEC0000946F /* Home.storyboard */,
				AF4FEE752582B4D30000946F /* HomeCell.swift */,
				AF4FEF8A258411D60000946F /* HomeCell.xib */,
				AF47CC3E25845EB5003D442F /* LoadMoreHeroesButton */,
			);
			path = Home;
			sourceTree = "<group>";
		};
		AF4FEEB5258306680000946F /* Products */ = {
			isa = PBXGroup;
			children = (
				AF4FEEBC258306680000946F /* Pods_vee_ios_challenge.framework */,
				AF4FEEBE258306680000946F /* Pods_vee_ios_challenge_vee_ios_challengeUITests.framework */,
				AF4FEEC0258306680000946F /* Pods_vee_ios_challengeTests.framework */,
				AF4FEEC2258306680000946F /* SDWebImage.framework */,
			);
			name = Products;
			sourceTree = "<group>";
		};
		AF7D1DB62588528D00BA1FAC /* Services */ = {
			isa = PBXGroup;
			children = (
				AF7D1DB7258852A700BA1FAC /* CharactersService.swift */,
				AF7D1DC0258852C000BA1FAC /* ComicsService.swift */,
			);
			path = Services;
			sourceTree = "<group>";
		};
		AFA60FCE25827BA2004B229D = {
			isa = PBXGroup;
			children = (
				AFA60FD925827BA2004B229D /* vee-ios-challenge */,
				AFA60FF025827BA5004B229D /* vee-ios-challengeTests */,
				AFA60FFB25827BA5004B229D /* vee-ios-challengeUITests */,
				AFA60FD825827BA2004B229D /* Products */,
				AA0E749789DF593E44231A07 /* Pods */,
				84FC93A34538F7D4BDCDB054 /* Frameworks */,
				AF4FEEB4258306680000946F /* Pods.xcodeproj */,
			);
			sourceTree = "<group>";
		};
		AFA60FD825827BA2004B229D /* Products */ = {
			isa = PBXGroup;
			children = (
				AFA60FD725827BA2004B229D /* vee-ios-challenge.app */,
				AFA60FED25827BA5004B229D /* vee-ios-challengeTests.xctest */,
				AFA60FF825827BA5004B229D /* vee-ios-challengeUITests.xctest */,
			);
			name = Products;
			sourceTree = "<group>";
		};
		AFA60FD925827BA2004B229D /* vee-ios-challenge */ = {
			isa = PBXGroup;
			children = (
				AF7D1DB62588528D00BA1FAC /* Services */,
				AFA6101325827C61004B229D /* Utils */,
				AFA6101225827C56004B229D /* Views */,
				AFA6101125827C46004B229D /* ViewModels */,
				AFA6101025827C3C004B229D /* Models */,
				AFA60FDA25827BA2004B229D /* AppDelegate.swift */,
				AFA60FDC25827BA2004B229D /* SceneDelegate.swift */,
				AFA60FE325827BA5004B229D /* Assets.xcassets */,
				AFA60FE525827BA5004B229D /* LaunchScreen.storyboard */,
				AFA60FE825827BA5004B229D /* Info.plist */,
			);
			path = "vee-ios-challenge";
			sourceTree = "<group>";
		};
		AFA60FF025827BA5004B229D /* vee-ios-challengeTests */ = {
			isa = PBXGroup;
			children = (
				AFA60FF125827BA5004B229D /* vee_ios_challengeTests.swift */,
				AFA60FF325827BA5004B229D /* Info.plist */,
			);
			path = "vee-ios-challengeTests";
			sourceTree = "<group>";
		};
		AFA60FFB25827BA5004B229D /* vee-ios-challengeUITests */ = {
			isa = PBXGroup;
			children = (
				AFA60FFC25827BA5004B229D /* vee_ios_challengeUITests.swift */,
				AFA60FFE25827BA5004B229D /* Info.plist */,
			);
			path = "vee-ios-challengeUITests";
			sourceTree = "<group>";
		};
		AFA6101025827C3C004B229D /* Models */ = {
			isa = PBXGroup;
			children = (
				AF4FEE65258299030000946F /* Character.swift */,
				AF7D1D012587C10000BA1FAC /* Thumbnail.swift */,
				AF7D1D0A2587C11300BA1FAC /* Comic.swift */,
			);
			path = Models;
			sourceTree = "<group>";
		};
		AFA6101125827C46004B229D /* ViewModels */ = {
			isa = PBXGroup;
			children = (
				AF4FEE3A258287CD0000946F /* HomeViewModel.swift */,
				AF47CCC5258624D9003D442F /* ComicsGalleryViewModel.swift */,
				AF7D1DC8258853DB00BA1FAC /* CharacterDescriptionViewModel.swift */,
				AF7D1DE225886B4E00BA1FAC /* HomeCellViewModel.swift */,
				AF7D1E0A2588EB0A00BA1FAC /* LoadMoreCharactersTableViewCellViewModel.swift */,
				AF946CFF258918A900B8E9B8 /* CharacterDescriptionCellViewModel.swift */,
				AF946D45258944A200B8E9B8 /* ComicCollectionCellViewModel.swift */,
			);
			path = ViewModels;
			sourceTree = "<group>";
		};
		AFA6101225827C56004B229D /* Views */ = {
			isa = PBXGroup;
			children = (
				AF47CC8D2584ED1E003D442F /* CharactersDescription */,
				AF4FEE4C25828CB30000946F /* Home */,
			);
			path = Views;
			sourceTree = "<group>";
		};
		AFA6101325827C61004B229D /* Utils */ = {
			isa = PBXGroup;
			children = (
				AFA6102125827E17004B229D /* Extensions */,
				AFA6101525827D15004B229D /* Managers */,
				AFA6101425827C80004B229D /* Enums */,
			);
			path = Utils;
			sourceTree = "<group>";
		};
		AFA6101425827C80004B229D /* Enums */ = {
			isa = PBXGroup;
			children = (
				AF4FEE32258287650000946F /* RequestMethod.swift */,
				AF4FEE3F2582889F0000946F /* CharactersAPIURL.swift */,
				AF4FEE4425828AC00000946F /* APIKeys.swift */,
				AF47CCF925867730003D442F /* EmptyStateString.swift */,
			);
			path = Enums;
			sourceTree = "<group>";
		};
		AFA6101525827D15004B229D /* Managers */ = {
			isa = PBXGroup;
			children = (
				AFA6101925827D57004B229D /* ApiManager.swift */,
				AF4FEE2D258287370000946F /* RequestsManager.swift */,
			);
			path = Managers;
			sourceTree = "<group>";
		};
		AFA6102125827E17004B229D /* Extensions */ = {
			isa = PBXGroup;
			children = (
				AFA6102325827E31004B229D /* StringExtensions.swift */,
				AF4FEE60258296140000946F /* DateExtensions.swift */,
				AF4FEE7A2582CF930000946F /* UIImageVIewExtensions.swift */,
				AF47CBFF25842F8F003D442F /* ThumbnailExtensions.swift */,
				AF47CC39258442BB003D442F /* UIViewExtensions.swift */,
			);
			path = Extensions;
			sourceTree = "<group>";
		};
/* End PBXGroup section */

/* Begin PBXNativeTarget section */
		AFA60FD625827BA2004B229D /* vee-ios-challenge */ = {
			isa = PBXNativeTarget;
			buildConfigurationList = AFA6100125827BA5004B229D /* Build configuration list for PBXNativeTarget "vee-ios-challenge" */;
			buildPhases = (
				A97CDA97AA0FCE7F3F28B837 /* [CP] Check Pods Manifest.lock */,
				AFA60FD325827BA2004B229D /* Sources */,
				AFA60FD425827BA2004B229D /* Frameworks */,
				AFA60FD525827BA2004B229D /* Resources */,
				50D42D7461A4B6C3D705902B /* [CP] Embed Pods Frameworks */,
			);
			buildRules = (
			);
			dependencies = (
			);
			name = "vee-ios-challenge";
			productName = "vee-ios-challenge";
			productReference = AFA60FD725827BA2004B229D /* vee-ios-challenge.app */;
			productType = "com.apple.product-type.application";
		};
		AFA60FEC25827BA5004B229D /* vee-ios-challengeTests */ = {
			isa = PBXNativeTarget;
			buildConfigurationList = AFA6100425827BA5004B229D /* Build configuration list for PBXNativeTarget "vee-ios-challengeTests" */;
			buildPhases = (
				5853F3E2DD6883BD1D634C03 /* [CP] Check Pods Manifest.lock */,
				AFA60FE925827BA5004B229D /* Sources */,
				AFA60FEA25827BA5004B229D /* Frameworks */,
				AFA60FEB25827BA5004B229D /* Resources */,
			);
			buildRules = (
			);
			dependencies = (
				AFA60FEF25827BA5004B229D /* PBXTargetDependency */,
			);
			name = "vee-ios-challengeTests";
			productName = "vee-ios-challengeTests";
			productReference = AFA60FED25827BA5004B229D /* vee-ios-challengeTests.xctest */;
			productType = "com.apple.product-type.bundle.unit-test";
		};
		AFA60FF725827BA5004B229D /* vee-ios-challengeUITests */ = {
			isa = PBXNativeTarget;
			buildConfigurationList = AFA6100725827BA5004B229D /* Build configuration list for PBXNativeTarget "vee-ios-challengeUITests" */;
			buildPhases = (
				25F1D58C9C8A047123F3C0C1 /* [CP] Check Pods Manifest.lock */,
				AFA60FF425827BA5004B229D /* Sources */,
				AFA60FF525827BA5004B229D /* Frameworks */,
				AFA60FF625827BA5004B229D /* Resources */,
				97BC472E595B0D4C4F0AB62B /* [CP] Embed Pods Frameworks */,
			);
			buildRules = (
			);
			dependencies = (
				AFA60FFA25827BA5004B229D /* PBXTargetDependency */,
			);
			name = "vee-ios-challengeUITests";
			productName = "vee-ios-challengeUITests";
			productReference = AFA60FF825827BA5004B229D /* vee-ios-challengeUITests.xctest */;
			productType = "com.apple.product-type.bundle.ui-testing";
		};
/* End PBXNativeTarget section */

/* Begin PBXProject section */
		AFA60FCF25827BA2004B229D /* Project object */ = {
			isa = PBXProject;
			attributes = {
				LastSwiftUpdateCheck = 1220;
				LastUpgradeCheck = 1220;
				TargetAttributes = {
					AFA60FD625827BA2004B229D = {
						CreatedOnToolsVersion = 12.2;
					};
					AFA60FEC25827BA5004B229D = {
						CreatedOnToolsVersion = 12.2;
						TestTargetID = AFA60FD625827BA2004B229D;
					};
					AFA60FF725827BA5004B229D = {
						CreatedOnToolsVersion = 12.2;
						TestTargetID = AFA60FD625827BA2004B229D;
					};
				};
			};
			buildConfigurationList = AFA60FD225827BA2004B229D /* Build configuration list for PBXProject "vee-ios-challenge" */;
			compatibilityVersion = "Xcode 9.3";
			developmentRegion = en;
			hasScannedForEncodings = 0;
			knownRegions = (
				en,
				Base,
			);
			mainGroup = AFA60FCE25827BA2004B229D;
			productRefGroup = AFA60FD825827BA2004B229D /* Products */;
			projectDirPath = "";
			projectReferences = (
				{
					ProductGroup = AF4FEEB5258306680000946F /* Products */;
					ProjectRef = AF4FEEB4258306680000946F /* Pods.xcodeproj */;
				},
			);
			projectRoot = "";
			targets = (
				AFA60FD625827BA2004B229D /* vee-ios-challenge */,
				AFA60FEC25827BA5004B229D /* vee-ios-challengeTests */,
				AFA60FF725827BA5004B229D /* vee-ios-challengeUITests */,
			);
		};
/* End PBXProject section */

/* Begin PBXReferenceProxy section */
		AF4FEEBC258306680000946F /* Pods_vee_ios_challenge.framework */ = {
			isa = PBXReferenceProxy;
			fileType = wrapper.framework;
			path = Pods_vee_ios_challenge.framework;
			remoteRef = AF4FEEBB258306680000946F /* PBXContainerItemProxy */;
			sourceTree = BUILT_PRODUCTS_DIR;
		};
		AF4FEEBE258306680000946F /* Pods_vee_ios_challenge_vee_ios_challengeUITests.framework */ = {
			isa = PBXReferenceProxy;
			fileType = wrapper.framework;
			path = Pods_vee_ios_challenge_vee_ios_challengeUITests.framework;
			remoteRef = AF4FEEBD258306680000946F /* PBXContainerItemProxy */;
			sourceTree = BUILT_PRODUCTS_DIR;
		};
		AF4FEEC0258306680000946F /* Pods_vee_ios_challengeTests.framework */ = {
			isa = PBXReferenceProxy;
			fileType = wrapper.framework;
			path = Pods_vee_ios_challengeTests.framework;
			remoteRef = AF4FEEBF258306680000946F /* PBXContainerItemProxy */;
			sourceTree = BUILT_PRODUCTS_DIR;
		};
		AF4FEEC2258306680000946F /* SDWebImage.framework */ = {
			isa = PBXReferenceProxy;
			fileType = wrapper.framework;
			path = SDWebImage.framework;
			remoteRef = AF4FEEC1258306680000946F /* PBXContainerItemProxy */;
			sourceTree = BUILT_PRODUCTS_DIR;
		};
/* End PBXReferenceProxy section */

/* Begin PBXResourcesBuildPhase section */
		AFA60FD525827BA2004B229D /* Resources */ = {
			isa = PBXResourcesBuildPhase;
			buildActionMask = 2147483647;
			files = (
				AFA60FE725827BA5004B229D /* LaunchScreen.storyboard in Resources */,
				AFA60FE425827BA5004B229D /* Assets.xcassets in Resources */,
				AF47CC4825845F47003D442F /* LoadMoreCharactersTableViewCell.xib in Resources */,
				AF4FEF8B258411D60000946F /* HomeCell.xib in Resources */,
				AF47CCF2258674B3003D442F /* CharacterDescriptionContentCell.xib in Resources */,
				AF4FEE5925828CEC0000946F /* Home.storyboard in Resources */,
				AF47CCB425861DE6003D442F /* ComicCollectionCell.xib in Resources */,
				AF47CD0A25868555003D442F /* ComicsGalleryCell.xib in Resources */,
				AF47CC9B2584ED71003D442F /* CharacterDescription.storyboard in Resources */,
			);
			runOnlyForDeploymentPostprocessing = 0;
		};
		AFA60FEB25827BA5004B229D /* Resources */ = {
			isa = PBXResourcesBuildPhase;
			buildActionMask = 2147483647;
			files = (
			);
			runOnlyForDeploymentPostprocessing = 0;
		};
		AFA60FF625827BA5004B229D /* Resources */ = {
			isa = PBXResourcesBuildPhase;
			buildActionMask = 2147483647;
			files = (
			);
			runOnlyForDeploymentPostprocessing = 0;
		};
/* End PBXResourcesBuildPhase section */

/* Begin PBXShellScriptBuildPhase section */
		25F1D58C9C8A047123F3C0C1 /* [CP] Check Pods Manifest.lock */ = {
			isa = PBXShellScriptBuildPhase;
			buildActionMask = 2147483647;
			files = (
			);
			inputFileListPaths = (
			);
			inputPaths = (
				"${PODS_PODFILE_DIR_PATH}/Podfile.lock",
				"${PODS_ROOT}/Manifest.lock",
			);
			name = "[CP] Check Pods Manifest.lock";
			outputFileListPaths = (
			);
			outputPaths = (
				"$(DERIVED_FILE_DIR)/Pods-vee-ios-challenge-vee-ios-challengeUITests-checkManifestLockResult.txt",
			);
			runOnlyForDeploymentPostprocessing = 0;
			shellPath = /bin/sh;
			shellScript = "diff \"${PODS_PODFILE_DIR_PATH}/Podfile.lock\" \"${PODS_ROOT}/Manifest.lock\" > /dev/null\nif [ $? != 0 ] ; then\n    # print error to STDERR\n    echo \"error: The sandbox is not in sync with the Podfile.lock. Run 'pod install' or update your CocoaPods installation.\" >&2\n    exit 1\nfi\n# This output is used by Xcode 'outputs' to avoid re-running this script phase.\necho \"SUCCESS\" > \"${SCRIPT_OUTPUT_FILE_0}\"\n";
			showEnvVarsInLog = 0;
		};
		50D42D7461A4B6C3D705902B /* [CP] Embed Pods Frameworks */ = {
			isa = PBXShellScriptBuildPhase;
			buildActionMask = 2147483647;
			files = (
			);
			inputFileListPaths = (
				"${PODS_ROOT}/Target Support Files/Pods-vee-ios-challenge/Pods-vee-ios-challenge-frameworks-${CONFIGURATION}-input-files.xcfilelist",
			);
			name = "[CP] Embed Pods Frameworks";
			outputFileListPaths = (
				"${PODS_ROOT}/Target Support Files/Pods-vee-ios-challenge/Pods-vee-ios-challenge-frameworks-${CONFIGURATION}-output-files.xcfilelist",
			);
			runOnlyForDeploymentPostprocessing = 0;
			shellPath = /bin/sh;
			shellScript = "\"${PODS_ROOT}/Target Support Files/Pods-vee-ios-challenge/Pods-vee-ios-challenge-frameworks.sh\"\n";
			showEnvVarsInLog = 0;
		};
		5853F3E2DD6883BD1D634C03 /* [CP] Check Pods Manifest.lock */ = {
			isa = PBXShellScriptBuildPhase;
			buildActionMask = 2147483647;
			files = (
			);
			inputFileListPaths = (
			);
			inputPaths = (
				"${PODS_PODFILE_DIR_PATH}/Podfile.lock",
				"${PODS_ROOT}/Manifest.lock",
			);
			name = "[CP] Check Pods Manifest.lock";
			outputFileListPaths = (
			);
			outputPaths = (
				"$(DERIVED_FILE_DIR)/Pods-vee-ios-challengeTests-checkManifestLockResult.txt",
			);
			runOnlyForDeploymentPostprocessing = 0;
			shellPath = /bin/sh;
			shellScript = "diff \"${PODS_PODFILE_DIR_PATH}/Podfile.lock\" \"${PODS_ROOT}/Manifest.lock\" > /dev/null\nif [ $? != 0 ] ; then\n    # print error to STDERR\n    echo \"error: The sandbox is not in sync with the Podfile.lock. Run 'pod install' or update your CocoaPods installation.\" >&2\n    exit 1\nfi\n# This output is used by Xcode 'outputs' to avoid re-running this script phase.\necho \"SUCCESS\" > \"${SCRIPT_OUTPUT_FILE_0}\"\n";
			showEnvVarsInLog = 0;
		};
		97BC472E595B0D4C4F0AB62B /* [CP] Embed Pods Frameworks */ = {
			isa = PBXShellScriptBuildPhase;
			buildActionMask = 2147483647;
			files = (
			);
			inputFileListPaths = (
				"${PODS_ROOT}/Target Support Files/Pods-vee-ios-challenge-vee-ios-challengeUITests/Pods-vee-ios-challenge-vee-ios-challengeUITests-frameworks-${CONFIGURATION}-input-files.xcfilelist",
			);
			name = "[CP] Embed Pods Frameworks";
			outputFileListPaths = (
				"${PODS_ROOT}/Target Support Files/Pods-vee-ios-challenge-vee-ios-challengeUITests/Pods-vee-ios-challenge-vee-ios-challengeUITests-frameworks-${CONFIGURATION}-output-files.xcfilelist",
			);
			runOnlyForDeploymentPostprocessing = 0;
			shellPath = /bin/sh;
			shellScript = "\"${PODS_ROOT}/Target Support Files/Pods-vee-ios-challenge-vee-ios-challengeUITests/Pods-vee-ios-challenge-vee-ios-challengeUITests-frameworks.sh\"\n";
			showEnvVarsInLog = 0;
		};
		A97CDA97AA0FCE7F3F28B837 /* [CP] Check Pods Manifest.lock */ = {
			isa = PBXShellScriptBuildPhase;
			buildActionMask = 2147483647;
			files = (
			);
			inputFileListPaths = (
			);
			inputPaths = (
				"${PODS_PODFILE_DIR_PATH}/Podfile.lock",
				"${PODS_ROOT}/Manifest.lock",
			);
			name = "[CP] Check Pods Manifest.lock";
			outputFileListPaths = (
			);
			outputPaths = (
				"$(DERIVED_FILE_DIR)/Pods-vee-ios-challenge-checkManifestLockResult.txt",
			);
			runOnlyForDeploymentPostprocessing = 0;
			shellPath = /bin/sh;
			shellScript = "diff \"${PODS_PODFILE_DIR_PATH}/Podfile.lock\" \"${PODS_ROOT}/Manifest.lock\" > /dev/null\nif [ $? != 0 ] ; then\n    # print error to STDERR\n    echo \"error: The sandbox is not in sync with the Podfile.lock. Run 'pod install' or update your CocoaPods installation.\" >&2\n    exit 1\nfi\n# This output is used by Xcode 'outputs' to avoid re-running this script phase.\necho \"SUCCESS\" > \"${SCRIPT_OUTPUT_FILE_0}\"\n";
			showEnvVarsInLog = 0;
		};
/* End PBXShellScriptBuildPhase section */

/* Begin PBXSourcesBuildPhase section */
		AFA60FD325827BA2004B229D /* Sources */ = {
			isa = PBXSourcesBuildPhase;
			buildActionMask = 2147483647;
			files = (
				AF946D46258944A200B8E9B8 /* ComicCollectionCellViewModel.swift in Sources */,
				AF4FEE402582889F0000946F /* CharactersAPIURL.swift in Sources */,
				AF4FEE33258287650000946F /* RequestMethod.swift in Sources */,
				AFA6101A25827D57004B229D /* ApiManager.swift in Sources */,
				AF4FEE3B258287CD0000946F /* HomeViewModel.swift in Sources */,
				AFA6102425827E32004B229D /* StringExtensions.swift in Sources */,
				AF47CD0925868555003D442F /* ComicsGalleryCell.swift in Sources */,
				AF4FEE66258299030000946F /* Character.swift in Sources */,
				AF7D1E0B2588EB0A00BA1FAC /* LoadMoreCharactersTableViewCellViewModel.swift in Sources */,
				AF47CC4325845F30003D442F /* LoadMoreCharactersTableViewCell.swift in Sources */,
				AF47CCFA25867730003D442F /* EmptyStateString.swift in Sources */,
				AF7D1DC1258852C000BA1FAC /* ComicsService.swift in Sources */,
				AF7D1D0B2587C11300BA1FAC /* Comic.swift in Sources */,
				AF4FEE7B2582CF930000946F /* UIImageVIewExtensions.swift in Sources */,
				AF47CC932584ED3C003D442F /* CharacterDescriptionViewController.swift in Sources */,
				AF4FEE61258296140000946F /* DateExtensions.swift in Sources */,
				AF946D00258918A900B8E9B8 /* CharacterDescriptionCellViewModel.swift in Sources */,
				AF47CC0025842F8F003D442F /* ThumbnailExtensions.swift in Sources */,
				AF4FEE762582B4D30000946F /* HomeCell.swift in Sources */,
				AF47CCF1258674B3003D442F /* CharacterDescriptionCell.swift in Sources */,
				AF4FEE5125828CCC0000946F /* HomeViewController.swift in Sources */,
				AF4FEE4525828AC00000946F /* APIKeys.swift in Sources */,
				AF47CCC6258624D9003D442F /* ComicsGalleryViewModel.swift in Sources */,
				AF7D1DE325886B4E00BA1FAC /* HomeCellViewModel.swift in Sources */,
				AF7D1D022587C10000BA1FAC /* Thumbnail.swift in Sources */,
				AF4FEE2E258287370000946F /* RequestsManager.swift in Sources */,
				AF47CC3A258442BB003D442F /* UIViewExtensions.swift in Sources */,
				AFA60FDB25827BA2004B229D /* AppDelegate.swift in Sources */,
				AF7D1DB8258852A700BA1FAC /* CharactersService.swift in Sources */,
				AF47CCAC25861D99003D442F /* ComicCollectionCell.swift in Sources */,
				AFA60FDD25827BA2004B229D /* SceneDelegate.swift in Sources */,
				AF7D1DC9258853DB00BA1FAC /* CharacterDescriptionViewModel.swift in Sources */,
			);
			runOnlyForDeploymentPostprocessing = 0;
		};
		AFA60FE925827BA5004B229D /* Sources */ = {
			isa = PBXSourcesBuildPhase;
			buildActionMask = 2147483647;
			files = (
				AFA60FF225827BA5004B229D /* vee_ios_challengeTests.swift in Sources */,
			);
			runOnlyForDeploymentPostprocessing = 0;
		};
		AFA60FF425827BA5004B229D /* Sources */ = {
			isa = PBXSourcesBuildPhase;
			buildActionMask = 2147483647;
			files = (
				AFA60FFD25827BA5004B229D /* vee_ios_challengeUITests.swift in Sources */,
			);
			runOnlyForDeploymentPostprocessing = 0;
		};
/* End PBXSourcesBuildPhase section */

/* Begin PBXTargetDependency section */
		AFA60FEF25827BA5004B229D /* PBXTargetDependency */ = {
			isa = PBXTargetDependency;
			target = AFA60FD625827BA2004B229D /* vee-ios-challenge */;
			targetProxy = AFA60FEE25827BA5004B229D /* PBXContainerItemProxy */;
		};
		AFA60FFA25827BA5004B229D /* PBXTargetDependency */ = {
			isa = PBXTargetDependency;
			target = AFA60FD625827BA2004B229D /* vee-ios-challenge */;
			targetProxy = AFA60FF925827BA5004B229D /* PBXContainerItemProxy */;
		};
/* End PBXTargetDependency section */

/* Begin PBXVariantGroup section */
		AFA60FE525827BA5004B229D /* LaunchScreen.storyboard */ = {
			isa = PBXVariantGroup;
			children = (
				AFA60FE625827BA5004B229D /* Base */,
			);
			name = LaunchScreen.storyboard;
			sourceTree = "<group>";
		};
/* End PBXVariantGroup section */

/* Begin XCBuildConfiguration section */
		AFA60FFF25827BA5004B229D /* Debug */ = {
			isa = XCBuildConfiguration;
			buildSettings = {
				ALWAYS_SEARCH_USER_PATHS = NO;
				CLANG_ANALYZER_NONNULL = YES;
				CLANG_ANALYZER_NUMBER_OBJECT_CONVERSION = YES_AGGRESSIVE;
				CLANG_CXX_LANGUAGE_STANDARD = "gnu++14";
				CLANG_CXX_LIBRARY = "libc++";
				CLANG_ENABLE_MODULES = YES;
				CLANG_ENABLE_OBJC_ARC = YES;
				CLANG_ENABLE_OBJC_WEAK = YES;
				CLANG_WARN_BLOCK_CAPTURE_AUTORELEASING = YES;
				CLANG_WARN_BOOL_CONVERSION = YES;
				CLANG_WARN_COMMA = YES;
				CLANG_WARN_CONSTANT_CONVERSION = YES;
				CLANG_WARN_DEPRECATED_OBJC_IMPLEMENTATIONS = YES;
				CLANG_WARN_DIRECT_OBJC_ISA_USAGE = YES_ERROR;
				CLANG_WARN_DOCUMENTATION_COMMENTS = YES;
				CLANG_WARN_EMPTY_BODY = YES;
				CLANG_WARN_ENUM_CONVERSION = YES;
				CLANG_WARN_INFINITE_RECURSION = YES;
				CLANG_WARN_INT_CONVERSION = YES;
				CLANG_WARN_NON_LITERAL_NULL_CONVERSION = YES;
				CLANG_WARN_OBJC_IMPLICIT_RETAIN_SELF = YES;
				CLANG_WARN_OBJC_LITERAL_CONVERSION = YES;
				CLANG_WARN_OBJC_ROOT_CLASS = YES_ERROR;
				CLANG_WARN_QUOTED_INCLUDE_IN_FRAMEWORK_HEADER = YES;
				CLANG_WARN_RANGE_LOOP_ANALYSIS = YES;
				CLANG_WARN_STRICT_PROTOTYPES = YES;
				CLANG_WARN_SUSPICIOUS_MOVE = YES;
				CLANG_WARN_UNGUARDED_AVAILABILITY = YES_AGGRESSIVE;
				CLANG_WARN_UNREACHABLE_CODE = YES;
				CLANG_WARN__DUPLICATE_METHOD_MATCH = YES;
				COPY_PHASE_STRIP = NO;
				DEBUG_INFORMATION_FORMAT = dwarf;
				ENABLE_STRICT_OBJC_MSGSEND = YES;
				ENABLE_TESTABILITY = YES;
				GCC_C_LANGUAGE_STANDARD = gnu11;
				GCC_DYNAMIC_NO_PIC = NO;
				GCC_NO_COMMON_BLOCKS = YES;
				GCC_OPTIMIZATION_LEVEL = 0;
				GCC_PREPROCESSOR_DEFINITIONS = (
					"DEBUG=1",
					"$(inherited)",
				);
				GCC_WARN_64_TO_32_BIT_CONVERSION = YES;
				GCC_WARN_ABOUT_RETURN_TYPE = YES_ERROR;
				GCC_WARN_UNDECLARED_SELECTOR = YES;
				GCC_WARN_UNINITIALIZED_AUTOS = YES_AGGRESSIVE;
				GCC_WARN_UNUSED_FUNCTION = YES;
				GCC_WARN_UNUSED_VARIABLE = YES;
				IPHONEOS_DEPLOYMENT_TARGET = 14.2;
				MTL_ENABLE_DEBUG_INFO = INCLUDE_SOURCE;
				MTL_FAST_MATH = YES;
				ONLY_ACTIVE_ARCH = YES;
				SDKROOT = iphoneos;
				SWIFT_ACTIVE_COMPILATION_CONDITIONS = DEBUG;
				SWIFT_OPTIMIZATION_LEVEL = "-Onone";
			};
			name = Debug;
		};
		AFA6100025827BA5004B229D /* Release */ = {
			isa = XCBuildConfiguration;
			buildSettings = {
				ALWAYS_SEARCH_USER_PATHS = NO;
				CLANG_ANALYZER_NONNULL = YES;
				CLANG_ANALYZER_NUMBER_OBJECT_CONVERSION = YES_AGGRESSIVE;
				CLANG_CXX_LANGUAGE_STANDARD = "gnu++14";
				CLANG_CXX_LIBRARY = "libc++";
				CLANG_ENABLE_MODULES = YES;
				CLANG_ENABLE_OBJC_ARC = YES;
				CLANG_ENABLE_OBJC_WEAK = YES;
				CLANG_WARN_BLOCK_CAPTURE_AUTORELEASING = YES;
				CLANG_WARN_BOOL_CONVERSION = YES;
				CLANG_WARN_COMMA = YES;
				CLANG_WARN_CONSTANT_CONVERSION = YES;
				CLANG_WARN_DEPRECATED_OBJC_IMPLEMENTATIONS = YES;
				CLANG_WARN_DIRECT_OBJC_ISA_USAGE = YES_ERROR;
				CLANG_WARN_DOCUMENTATION_COMMENTS = YES;
				CLANG_WARN_EMPTY_BODY = YES;
				CLANG_WARN_ENUM_CONVERSION = YES;
				CLANG_WARN_INFINITE_RECURSION = YES;
				CLANG_WARN_INT_CONVERSION = YES;
				CLANG_WARN_NON_LITERAL_NULL_CONVERSION = YES;
				CLANG_WARN_OBJC_IMPLICIT_RETAIN_SELF = YES;
				CLANG_WARN_OBJC_LITERAL_CONVERSION = YES;
				CLANG_WARN_OBJC_ROOT_CLASS = YES_ERROR;
				CLANG_WARN_QUOTED_INCLUDE_IN_FRAMEWORK_HEADER = YES;
				CLANG_WARN_RANGE_LOOP_ANALYSIS = YES;
				CLANG_WARN_STRICT_PROTOTYPES = YES;
				CLANG_WARN_SUSPICIOUS_MOVE = YES;
				CLANG_WARN_UNGUARDED_AVAILABILITY = YES_AGGRESSIVE;
				CLANG_WARN_UNREACHABLE_CODE = YES;
				CLANG_WARN__DUPLICATE_METHOD_MATCH = YES;
				COPY_PHASE_STRIP = NO;
				DEBUG_INFORMATION_FORMAT = "dwarf-with-dsym";
				ENABLE_NS_ASSERTIONS = NO;
				ENABLE_STRICT_OBJC_MSGSEND = YES;
				GCC_C_LANGUAGE_STANDARD = gnu11;
				GCC_NO_COMMON_BLOCKS = YES;
				GCC_WARN_64_TO_32_BIT_CONVERSION = YES;
				GCC_WARN_ABOUT_RETURN_TYPE = YES_ERROR;
				GCC_WARN_UNDECLARED_SELECTOR = YES;
				GCC_WARN_UNINITIALIZED_AUTOS = YES_AGGRESSIVE;
				GCC_WARN_UNUSED_FUNCTION = YES;
				GCC_WARN_UNUSED_VARIABLE = YES;
				IPHONEOS_DEPLOYMENT_TARGET = 14.2;
				MTL_ENABLE_DEBUG_INFO = NO;
				MTL_FAST_MATH = YES;
				SDKROOT = iphoneos;
				SWIFT_COMPILATION_MODE = wholemodule;
				SWIFT_OPTIMIZATION_LEVEL = "-O";
				VALIDATE_PRODUCT = YES;
			};
			name = Release;
		};
		AFA6100225827BA5004B229D /* Debug */ = {
			isa = XCBuildConfiguration;
			baseConfigurationReference = 20D389A5FFB4A40331EFC7EC /* Pods-vee-ios-challenge.debug.xcconfig */;
			buildSettings = {
				ASSETCATALOG_COMPILER_APPICON_NAME = AppIcon;
				ASSETCATALOG_COMPILER_GLOBAL_ACCENT_COLOR_NAME = AccentColor;
				CODE_SIGN_STYLE = Automatic;
				DEVELOPMENT_TEAM = 569Y9LM7SN;
				INFOPLIST_FILE = "vee-ios-challenge/Info.plist";
				LD_RUNPATH_SEARCH_PATHS = (
					"$(inherited)",
					"@executable_path/Frameworks",
				);
				PRODUCT_BUNDLE_IDENTIFIER = "com.company.vee-ios-challenge";
				PRODUCT_NAME = "$(TARGET_NAME)";
				SWIFT_VERSION = 5.0;
				TARGETED_DEVICE_FAMILY = "1,2";
			};
			name = Debug;
		};
		AFA6100325827BA5004B229D /* Release */ = {
			isa = XCBuildConfiguration;
			baseConfigurationReference = 28AB6308E212021EB5B89A43 /* Pods-vee-ios-challenge.release.xcconfig */;
			buildSettings = {
				ASSETCATALOG_COMPILER_APPICON_NAME = AppIcon;
				ASSETCATALOG_COMPILER_GLOBAL_ACCENT_COLOR_NAME = AccentColor;
				CODE_SIGN_STYLE = Automatic;
				DEVELOPMENT_TEAM = 569Y9LM7SN;
				INFOPLIST_FILE = "vee-ios-challenge/Info.plist";
				LD_RUNPATH_SEARCH_PATHS = (
					"$(inherited)",
					"@executable_path/Frameworks",
				);
				PRODUCT_BUNDLE_IDENTIFIER = "com.company.vee-ios-challenge";
				PRODUCT_NAME = "$(TARGET_NAME)";
				SWIFT_VERSION = 5.0;
				TARGETED_DEVICE_FAMILY = "1,2";
			};
			name = Release;
		};
		AFA6100525827BA5004B229D /* Debug */ = {
			isa = XCBuildConfiguration;
			baseConfigurationReference = 550D1511572F0C834A50FBAC /* Pods-vee-ios-challengeTests.debug.xcconfig */;
			buildSettings = {
				ALWAYS_EMBED_SWIFT_STANDARD_LIBRARIES = YES;
				BUNDLE_LOADER = "$(TEST_HOST)";
				CODE_SIGN_STYLE = Automatic;
				DEVELOPMENT_TEAM = 569Y9LM7SN;
				INFOPLIST_FILE = "vee-ios-challengeTests/Info.plist";
				IPHONEOS_DEPLOYMENT_TARGET = 14.2;
				LD_RUNPATH_SEARCH_PATHS = (
					"$(inherited)",
					"@executable_path/Frameworks",
					"@loader_path/Frameworks",
				);
				PRODUCT_BUNDLE_IDENTIFIER = "com.company.vee-ios-challengeTests";
				PRODUCT_NAME = "$(TARGET_NAME)";
				SWIFT_VERSION = 5.0;
				TARGETED_DEVICE_FAMILY = "1,2";
				TEST_HOST = "$(BUILT_PRODUCTS_DIR)/vee-ios-challenge.app/vee-ios-challenge";
			};
			name = Debug;
		};
		AFA6100625827BA5004B229D /* Release */ = {
			isa = XCBuildConfiguration;
			baseConfigurationReference = 2817F971F81E1DAC154C062C /* Pods-vee-ios-challengeTests.release.xcconfig */;
			buildSettings = {
				ALWAYS_EMBED_SWIFT_STANDARD_LIBRARIES = YES;
				BUNDLE_LOADER = "$(TEST_HOST)";
				CODE_SIGN_STYLE = Automatic;
				DEVELOPMENT_TEAM = 569Y9LM7SN;
				INFOPLIST_FILE = "vee-ios-challengeTests/Info.plist";
				IPHONEOS_DEPLOYMENT_TARGET = 14.2;
				LD_RUNPATH_SEARCH_PATHS = (
					"$(inherited)",
					"@executable_path/Frameworks",
					"@loader_path/Frameworks",
				);
				PRODUCT_BUNDLE_IDENTIFIER = "com.company.vee-ios-challengeTests";
				PRODUCT_NAME = "$(TARGET_NAME)";
				SWIFT_VERSION = 5.0;
				TARGETED_DEVICE_FAMILY = "1,2";
				TEST_HOST = "$(BUILT_PRODUCTS_DIR)/vee-ios-challenge.app/vee-ios-challenge";
			};
			name = Release;
		};
		AFA6100825827BA5004B229D /* Debug */ = {
			isa = XCBuildConfiguration;
			baseConfigurationReference = 95918A3FB12EF906013D6990 /* Pods-vee-ios-challenge-vee-ios-challengeUITests.debug.xcconfig */;
			buildSettings = {
				ALWAYS_EMBED_SWIFT_STANDARD_LIBRARIES = YES;
				CODE_SIGN_STYLE = Automatic;
				DEVELOPMENT_TEAM = 569Y9LM7SN;
				INFOPLIST_FILE = "vee-ios-challengeUITests/Info.plist";
				LD_RUNPATH_SEARCH_PATHS = (
					"$(inherited)",
					"@executable_path/Frameworks",
					"@loader_path/Frameworks",
				);
				PRODUCT_BUNDLE_IDENTIFIER = "com.company.vee-ios-challengeUITests";
				PRODUCT_NAME = "$(TARGET_NAME)";
				SWIFT_VERSION = 5.0;
				TARGETED_DEVICE_FAMILY = "1,2";
				TEST_TARGET_NAME = "vee-ios-challenge";
			};
			name = Debug;
		};
		AFA6100925827BA5004B229D /* Release */ = {
			isa = XCBuildConfiguration;
			baseConfigurationReference = 494BFFF3C65E4E38578452D6 /* Pods-vee-ios-challenge-vee-ios-challengeUITests.release.xcconfig */;
			buildSettings = {
				ALWAYS_EMBED_SWIFT_STANDARD_LIBRARIES = YES;
				CODE_SIGN_STYLE = Automatic;
				DEVELOPMENT_TEAM = 569Y9LM7SN;
				INFOPLIST_FILE = "vee-ios-challengeUITests/Info.plist";
				LD_RUNPATH_SEARCH_PATHS = (
					"$(inherited)",
					"@executable_path/Frameworks",
					"@loader_path/Frameworks",
				);
				PRODUCT_BUNDLE_IDENTIFIER = "com.company.vee-ios-challengeUITests";
				PRODUCT_NAME = "$(TARGET_NAME)";
				SWIFT_VERSION = 5.0;
				TARGETED_DEVICE_FAMILY = "1,2";
				TEST_TARGET_NAME = "vee-ios-challenge";
			};
			name = Release;
		};
/* End XCBuildConfiguration section */

/* Begin XCConfigurationList section */
		AFA60FD225827BA2004B229D /* Build configuration list for PBXProject "vee-ios-challenge" */ = {
			isa = XCConfigurationList;
			buildConfigurations = (
				AFA60FFF25827BA5004B229D /* Debug */,
				AFA6100025827BA5004B229D /* Release */,
			);
			defaultConfigurationIsVisible = 0;
			defaultConfigurationName = Release;
		};
		AFA6100125827BA5004B229D /* Build configuration list for PBXNativeTarget "vee-ios-challenge" */ = {
			isa = XCConfigurationList;
			buildConfigurations = (
				AFA6100225827BA5004B229D /* Debug */,
				AFA6100325827BA5004B229D /* Release */,
			);
			defaultConfigurationIsVisible = 0;
			defaultConfigurationName = Release;
		};
		AFA6100425827BA5004B229D /* Build configuration list for PBXNativeTarget "vee-ios-challengeTests" */ = {
			isa = XCConfigurationList;
			buildConfigurations = (
				AFA6100525827BA5004B229D /* Debug */,
				AFA6100625827BA5004B229D /* Release */,
			);
			defaultConfigurationIsVisible = 0;
			defaultConfigurationName = Release;
		};
		AFA6100725827BA5004B229D /* Build configuration list for PBXNativeTarget "vee-ios-challengeUITests" */ = {
			isa = XCConfigurationList;
			buildConfigurations = (
				AFA6100825827BA5004B229D /* Debug */,
				AFA6100925827BA5004B229D /* Release */,
			);
			defaultConfigurationIsVisible = 0;
			defaultConfigurationName = Release;
		};
/* End XCConfigurationList section */
	};
	rootObject = AFA60FCF25827BA2004B229D /* Project object */;
}
